
Microsoft Visual Studio Solution File, Format Version 12.00
Project("{FAE04EC0-301F-11D3-BF4B-00C04F79EFBC}") = "TipCalculator", "TipCalculator.csproj", "{F451FB06-D42E-40F1-A7DB-032C078E254F}"
EndProject
Global
	GlobalSection(SolutionConfigurationPlatforms) = preSolution
		Debug|Any CPU = Debug|Any CPU
		Release|Any CPU = Release|Any CPU
	EndGlobalSection
	GlobalSection(ProjectConfigurationPlatforms) = postSolution
		{F451FB06-D42E-40F1-A7DB-032C078E254F}.Debug|Any CPU.ActiveCfg = Debug|Any CPU
		{F451FB06-D42E-40F1-A7DB-032C078E254F}.Debug|Any CPU.Build.0 = Debug|Any CPU
		{F451FB06-D42E-40F1-A7DB-032C078E254F}.Release|Any CPU.ActiveCfg = Release|Any CPU
		{F451FB06-D42E-40F1-A7DB-032C078E254F}.Release|Any CPU.Build.0 = Release|Any CPU
	EndGlobalSection
EndGlobal
